// !$*UTF8*$!
{
	archiveVersion = 1;
	classes = {
	};
	objectVersion = 77;
	objects = {

/* Begin PBXBuildFile section */
		BB82A3E22EC1038700BD1D17 /* ComposableArchitecture in Frameworks */ = {isa = PBXBuildFile; productRef = BB82A3E12EC1038700BD1D17 /* ComposableArchitecture */; };
		BB82A3E52EC1039E00BD1D17 /* Tagged in Frameworks */ = {isa = PBXBuildFile; productRef = BB82A3E42EC1039E00BD1D17 /* Tagged */; };
		BB82A3F02EC105FE00BD1D17 /* .editorconfig in Resources */ = {isa = PBXBuildFile; fileRef = BB82A3EF2EC105FE00BD1D17 /* .editorconfig */; };
		BB82A41D2EC10BB700BD1D17 /* NukeUI in Frameworks */ = {isa = PBXBuildFile; productRef = BB82A41C2EC10BB700BD1D17 /* NukeUI */; };
/* End PBXBuildFile section */

/* Begin PBXContainerItemProxy section */
		BB82A3652EC1018000BD1D17 /* PBXContainerItemProxy */ = {
			isa = PBXContainerItemProxy;
			containerPortal = BB82A34F2EC1017F00BD1D17 /* Project object */;
			proxyType = 1;
			remoteGlobalIDString = BB82A3562EC1017F00BD1D17;
			remoteInfo = Ghibli;
		};
		BB82A36F2EC1018000BD1D17 /* PBXContainerItemProxy */ = {
			isa = PBXContainerItemProxy;
			containerPortal = BB82A34F2EC1017F00BD1D17 /* Project object */;
			proxyType = 1;
			remoteGlobalIDString = BB82A3562EC1017F00BD1D17;
			remoteInfo = Ghibli;
		};
/* End PBXContainerItemProxy section */

/* Begin PBXFileReference section */
		BB82A3572EC1017F00BD1D17 /* Ghibli.app */ = {isa = PBXFileReference; explicitFileType = wrapper.application; includeInIndex = 0; path = Ghibli.app; sourceTree = BUILT_PRODUCTS_DIR; };
		BB82A3642EC1018000BD1D17 /* GhibliTests.xctest */ = {isa = PBXFileReference; explicitFileType = wrapper.cfbundle; includeInIndex = 0; path = GhibliTests.xctest; sourceTree = BUILT_PRODUCTS_DIR; };
		BB82A36E2EC1018000BD1D17 /* GhibliUITests.xctest */ = {isa = PBXFileReference; explicitFileType = wrapper.cfbundle; includeInIndex = 0; path = GhibliUITests.xctest; sourceTree = BUILT_PRODUCTS_DIR; };
		BB82A3EF2EC105FE00BD1D17 /* .editorconfig */ = {isa = PBXFileReference; lastKnownFileType = text; path = .editorconfig; sourceTree = "<group>"; };
		BB82A4192EC1086000BD1D17 /* .gitignore */ = {isa = PBXFileReference; lastKnownFileType = text; path = .gitignore; sourceTree = "<group>"; };
/* End PBXFileReference section */

/* Begin PBXFileSystemSynchronizedRootGroup section */
		BB82A3592EC1017F00BD1D17 /* Ghibli */ = {
			isa = PBXFileSystemSynchronizedRootGroup;
			path = Ghibli;
			sourceTree = "<group>";
		};
		BB82A3672EC1018000BD1D17 /* GhibliTests */ = {
			isa = PBXFileSystemSynchronizedRootGroup;
			path = GhibliTests;
			sourceTree = "<group>";
		};
		BB82A3712EC1018000BD1D17 /* GhibliUITests */ = {
			isa = PBXFileSystemSynchronizedRootGroup;
			path = GhibliUITests;
			sourceTree = "<group>";
		};
/* End PBXFileSystemSynchronizedRootGroup section */

/* Begin PBXFrameworksBuildPhase section */
		BB82A3542EC1017F00BD1D17 /* Frameworks */ = {
			isa = PBXFrameworksBuildPhase;
			buildActionMask = 2147483647;
			files = (
				BB82A41D2EC10BB700BD1D17 /* NukeUI in Frameworks */,
				BB82A3E52EC1039E00BD1D17 /* Tagged in Frameworks */,
				BB82A3E22EC1038700BD1D17 /* ComposableArchitecture in Frameworks */,
			);
			runOnlyForDeploymentPostprocessing = 0;
		};
		BB82A3612EC1018000BD1D17 /* Frameworks */ = {
			isa = PBXFrameworksBuildPhase;
			buildActionMask = 2147483647;
			files = (
			);
			runOnlyForDeploymentPostprocessing = 0;
		};
		BB82A36B2EC1018000BD1D17 /* Frameworks */ = {
			isa = PBXFrameworksBuildPhase;
			buildActionMask = 2147483647;
			files = (
			);
			runOnlyForDeploymentPostprocessing = 0;
		};
/* End PBXFrameworksBuildPhase section */

/* Begin PBXGroup section */
		BB82A34E2EC1017F00BD1D17 = {
			isa = PBXGroup;
			children = (
				BB82A4192EC1086000BD1D17 /* .gitignore */,
				BB82A3EF2EC105FE00BD1D17 /* .editorconfig */,
				BB82A3592EC1017F00BD1D17 /* Ghibli */,
				BB82A3672EC1018000BD1D17 /* GhibliTests */,
				BB82A3712EC1018000BD1D17 /* GhibliUITests */,
				BB82A3582EC1017F00BD1D17 /* Products */,
			);
			sourceTree = "<group>";
		};
		BB82A3582EC1017F00BD1D17 /* Products */ = {
			isa = PBXGroup;
			children = (
				BB82A3572EC1017F00BD1D17 /* Ghibli.app */,
				BB82A3642EC1018000BD1D17 /* GhibliTests.xctest */,
				BB82A36E2EC1018000BD1D17 /* GhibliUITests.xctest */,
			);
			name = Products;
			sourceTree = "<group>";
		};
/* End PBXGroup section */

/* Begin PBXNativeTarget section */
		BB82A3562EC1017F00BD1D17 /* Ghibli */ = {
			isa = PBXNativeTarget;
			buildConfigurationList = BB82A3782EC1018000BD1D17 /* Build configuration list for PBXNativeTarget "Ghibli" */;
			buildPhases = (
				BB82A3532EC1017F00BD1D17 /* Sources */,
				BB82A3542EC1017F00BD1D17 /* Frameworks */,
				BB82A3552EC1017F00BD1D17 /* Resources */,
			);
			buildRules = (
			);
			dependencies = (
			);
			fileSystemSynchronizedGroups = (
				BB82A3592EC1017F00BD1D17 /* Ghibli */,
			);
			name = Ghibli;
			packageProductDependencies = (
				BB82A3E12EC1038700BD1D17 /* ComposableArchitecture */,
				BB82A3E42EC1039E00BD1D17 /* Tagged */,
				BB82A41C2EC10BB700BD1D17 /* NukeUI */,
			);
			productName = Ghibli;
			productReference = BB82A3572EC1017F00BD1D17 /* Ghibli.app */;
			productType = "com.apple.product-type.application";
		};
		BB82A3632EC1018000BD1D17 /* GhibliTests */ = {
			isa = PBXNativeTarget;
			buildConfigurationList = BB82A37B2EC1018000BD1D17 /* Build configuration list for PBXNativeTarget "GhibliTests" */;
			buildPhases = (
				BB82A3602EC1018000BD1D17 /* Sources */,
				BB82A3612EC1018000BD1D17 /* Frameworks */,
				BB82A3622EC1018000BD1D17 /* Resources */,
			);
			buildRules = (
			);
			dependencies = (
				BB82A3662EC1018000BD1D17 /* PBXTargetDependency */,
			);
			fileSystemSynchronizedGroups = (
				BB82A3672EC1018000BD1D17 /* GhibliTests */,
			);
			name = GhibliTests;
			packageProductDependencies = (
			);
			productName = GhibliTests;
			productReference = BB82A3642EC1018000BD1D17 /* GhibliTests.xctest */;
			productType = "com.apple.product-type.bundle.unit-test";
		};
		BB82A36D2EC1018000BD1D17 /* GhibliUITests */ = {
			isa = PBXNativeTarget;
			buildConfigurationList = BB82A37E2EC1018000BD1D17 /* Build configuration list for PBXNativeTarget "GhibliUITests" */;
			buildPhases = (
				BB82A36A2EC1018000BD1D17 /* Sources */,
				BB82A36B2EC1018000BD1D17 /* Frameworks */,
				BB82A36C2EC1018000BD1D17 /* Resources */,
			);
			buildRules = (
			);
			dependencies = (
				BB82A3702EC1018000BD1D17 /* PBXTargetDependency */,
			);
			fileSystemSynchronizedGroups = (
				BB82A3712EC1018000BD1D17 /* GhibliUITests */,
			);
			name = GhibliUITests;
			packageProductDependencies = (
			);
			productName = GhibliUITests;
			productReference = BB82A36E2EC1018000BD1D17 /* GhibliUITests.xctest */;
			productType = "com.apple.product-type.bundle.ui-testing";
		};
/* End PBXNativeTarget section */

/* Begin PBXProject section */
		BB82A34F2EC1017F00BD1D17 /* Project object */ = {
			isa = PBXProject;
			attributes = {
				BuildIndependentTargetsInParallel = 1;
				LastSwiftUpdateCheck = 2610;
				LastUpgradeCheck = 2610;
				TargetAttributes = {
					BB82A3562EC1017F00BD1D17 = {
						CreatedOnToolsVersion = 26.1;
					};
					BB82A3632EC1018000BD1D17 = {
						CreatedOnToolsVersion = 26.1;
						TestTargetID = BB82A3562EC1017F00BD1D17;
					};
					BB82A36D2EC1018000BD1D17 = {
						CreatedOnToolsVersion = 26.1;
						TestTargetID = BB82A3562EC1017F00BD1D17;
					};
				};
			};
			buildConfigurationList = BB82A3522EC1017F00BD1D17 /* Build configuration list for PBXProject "Ghibli" */;
			developmentRegion = en;
			hasScannedForEncodings = 0;
			knownRegions = (
				en,
				Base,
			);
			mainGroup = BB82A34E2EC1017F00BD1D17;
			minimizedProjectReferenceProxies = 1;
			packageReferences = (
				BB82A3E02EC1038700BD1D17 /* XCRemoteSwiftPackageReference "swift-composable-architecture" */,
				BB82A3E32EC1039E00BD1D17 /* XCRemoteSwiftPackageReference "swift-tagged" */,
				BB82A41B2EC10BB700BD1D17 /* XCRemoteSwiftPackageReference "Nuke" */,
			);
			preferredProjectObjectVersion = 77;
			productRefGroup = BB82A3582EC1017F00BD1D17 /* Products */;
			projectDirPath = "";
			projectRoot = "";
			targets = (
				BB82A3562EC1017F00BD1D17 /* Ghibli */,
				BB82A3632EC1018000BD1D17 /* GhibliTests */,
				BB82A36D2EC1018000BD1D17 /* GhibliUITests */,
			);
		};
/* End PBXProject section */

/* Begin PBXResourcesBuildPhase section */
		BB82A3552EC1017F00BD1D17 /* Resources */ = {
			isa = PBXResourcesBuildPhase;
			buildActionMask = 2147483647;
			files = (
				BB82A3F02EC105FE00BD1D17 /* .editorconfig in Resources */,
			);
			runOnlyForDeploymentPostprocessing = 0;
		};
		BB82A3622EC1018000BD1D17 /* Resources */ = {
			isa = PBXResourcesBuildPhase;
			buildActionMask = 2147483647;
			files = (
			);
			runOnlyForDeploymentPostprocessing = 0;
		};
		BB82A36C2EC1018000BD1D17 /* Resources */ = {
			isa = PBXResourcesBuildPhase;
			buildActionMask = 2147483647;
			files = (
			);
			runOnlyForDeploymentPostprocessing = 0;
		};
/* End PBXResourcesBuildPhase section */

/* Begin PBXSourcesBuildPhase section */
		BB82A3532EC1017F00BD1D17 /* Sources */ = {
			isa = PBXSourcesBuildPhase;
			buildActionMask = 2147483647;
			files = (
			);
			runOnlyForDeploymentPostprocessing = 0;
		};
		BB82A3602EC1018000BD1D17 /* Sources */ = {
			isa = PBXSourcesBuildPhase;
			buildActionMask = 2147483647;
			files = (
			);
			runOnlyForDeploymentPostprocessing = 0;
		};
		BB82A36A2EC1018000BD1D17 /* Sources */ = {
			isa = PBXSourcesBuildPhase;
			buildActionMask = 2147483647;
			files = (
			);
			runOnlyForDeploymentPostprocessing = 0;
		};
/* End PBXSourcesBuildPhase section */

/* Begin PBXTargetDependency section */
		BB82A3662EC1018000BD1D17 /* PBXTargetDependency */ = {
			isa = PBXTargetDependency;
			target = BB82A3562EC1017F00BD1D17 /* Ghibli */;
			targetProxy = BB82A3652EC1018000BD1D17 /* PBXContainerItemProxy */;
		};
		BB82A3702EC1018000BD1D17 /* PBXTargetDependency */ = {
			isa = PBXTargetDependency;
			target = BB82A3562EC1017F00BD1D17 /* Ghibli */;
			targetProxy = BB82A36F2EC1018000BD1D17 /* PBXContainerItemProxy */;
		};
/* End PBXTargetDependency section */

/* Begin XCBuildConfiguration section */
		BB82A3762EC1018000BD1D17 /* Debug */ = {
			isa = XCBuildConfiguration;
			buildSettings = {
				ALWAYS_SEARCH_USER_PATHS = NO;
				ASSETCATALOG_COMPILER_GENERATE_SWIFT_ASSET_SYMBOL_EXTENSIONS = YES;
				CLANG_ANALYZER_NONNULL = YES;
				CLANG_ANALYZER_NUMBER_OBJECT_CONVERSION = YES_AGGRESSIVE;
				CLANG_CXX_LANGUAGE_STANDARD = "gnu++20";
				CLANG_ENABLE_MODULES = YES;
				CLANG_ENABLE_OBJC_ARC = YES;
				CLANG_ENABLE_OBJC_WEAK = YES;
				CLANG_WARN_BLOCK_CAPTURE_AUTORELEASING = YES;
				CLANG_WARN_BOOL_CONVERSION = YES;
				CLANG_WARN_COMMA = YES;
				CLANG_WARN_CONSTANT_CONVERSION = YES;
				CLANG_WARN_DEPRECATED_OBJC_IMPLEMENTATIONS = YES;
				CLANG_WARN_DIRECT_OBJC_ISA_USAGE = YES_ERROR;
				CLANG_WARN_DOCUMENTATION_COMMENTS = YES;
				CLANG_WARN_EMPTY_BODY = YES;
				CLANG_WARN_ENUM_CONVERSION = YES;
				CLANG_WARN_INFINITE_RECURSION = YES;
				CLANG_WARN_INT_CONVERSION = YES;
				CLANG_WARN_NON_LITERAL_NULL_CONVERSION = YES;
				CLANG_WARN_OBJC_IMPLICIT_RETAIN_SELF = YES;
				CLANG_WARN_OBJC_LITERAL_CONVERSION = YES;
				CLANG_WARN_OBJC_ROOT_CLASS = YES_ERROR;
				CLANG_WARN_QUOTED_INCLUDE_IN_FRAMEWORK_HEADER = YES;
				CLANG_WARN_RANGE_LOOP_ANALYSIS = YES;
				CLANG_WARN_STRICT_PROTOTYPES = YES;
				CLANG_WARN_SUSPICIOUS_MOVE = YES;
				CLANG_WARN_UNGUARDED_AVAILABILITY = YES_AGGRESSIVE;
				CLANG_WARN_UNREACHABLE_CODE = YES;
				CLANG_WARN__DUPLICATE_METHOD_MATCH = YES;
				COPY_PHASE_STRIP = NO;
				DEBUG_INFORMATION_FORMAT = dwarf;
				ENABLE_STRICT_OBJC_MSGSEND = YES;
				ENABLE_TESTABILITY = YES;
				ENABLE_USER_SCRIPT_SANDBOXING = YES;
				GCC_C_LANGUAGE_STANDARD = gnu17;
				GCC_DYNAMIC_NO_PIC = NO;
				GCC_NO_COMMON_BLOCKS = YES;
				GCC_OPTIMIZATION_LEVEL = 0;
				GCC_PREPROCESSOR_DEFINITIONS = (
					"DEBUG=1",
					"$(inherited)",
				);
				GCC_WARN_64_TO_32_BIT_CONVERSION = YES;
				GCC_WARN_ABOUT_RETURN_TYPE = YES_ERROR;
				GCC_WARN_UNDECLARED_SELECTOR = YES;
				GCC_WARN_UNINITIALIZED_AUTOS = YES_AGGRESSIVE;
				GCC_WARN_UNUSED_FUNCTION = YES;
				GCC_WARN_UNUSED_VARIABLE = YES;
				IPHONEOS_DEPLOYMENT_TARGET = 26.1;
				LOCALIZATION_PREFERS_STRING_CATALOGS = YES;
				MTL_ENABLE_DEBUG_INFO = INCLUDE_SOURCE;
				MTL_FAST_MATH = YES;
				ONLY_ACTIVE_ARCH = YES;
				SDKROOT = iphoneos;
				SWIFT_ACTIVE_COMPILATION_CONDITIONS = "DEBUG $(inherited)";
				SWIFT_OPTIMIZATION_LEVEL = "-Onone";
			};
			name = Debug;
		};
		BB82A3772EC1018000BD1D17 /* Release */ = {
			isa = XCBuildConfiguration;
			buildSettings = {
				ALWAYS_SEARCH_USER_PATHS = NO;
				ASSETCATALOG_COMPILER_GENERATE_SWIFT_ASSET_SYMBOL_EXTENSIONS = YES;
				CLANG_ANALYZER_NONNULL = YES;
				CLANG_ANALYZER_NUMBER_OBJECT_CONVERSION = YES_AGGRESSIVE;
				CLANG_CXX_LANGUAGE_STANDARD = "gnu++20";
				CLANG_ENABLE_MODULES = YES;
				CLANG_ENABLE_OBJC_ARC = YES;
				CLANG_ENABLE_OBJC_WEAK = YES;
				CLANG_WARN_BLOCK_CAPTURE_AUTORELEASING = YES;
				CLANG_WARN_BOOL_CONVERSION = YES;
				CLANG_WARN_COMMA = YES;
				CLANG_WARN_CONSTANT_CONVERSION = YES;
				CLANG_WARN_DEPRECATED_OBJC_IMPLEMENTATIONS = YES;
				CLANG_WARN_DIRECT_OBJC_ISA_USAGE = YES_ERROR;
				CLANG_WARN_DOCUMENTATION_COMMENTS = YES;
				CLANG_WARN_EMPTY_BODY = YES;
				CLANG_WARN_ENUM_CONVERSION = YES;
				CLANG_WARN_INFINITE_RECURSION = YES;
				CLANG_WARN_INT_CONVERSION = YES;
				CLANG_WARN_NON_LITERAL_NULL_CONVERSION = YES;
				CLANG_WARN_OBJC_IMPLICIT_RETAIN_SELF = YES;
				CLANG_WARN_OBJC_LITERAL_CONVERSION = YES;
				CLANG_WARN_OBJC_ROOT_CLASS = YES_ERROR;
				CLANG_WARN_QUOTED_INCLUDE_IN_FRAMEWORK_HEADER = YES;
				CLANG_WARN_RANGE_LOOP_ANALYSIS = YES;
				CLANG_WARN_STRICT_PROTOTYPES = YES;
				CLANG_WARN_SUSPICIOUS_MOVE = YES;
				CLANG_WARN_UNGUARDED_AVAILABILITY = YES_AGGRESSIVE;
				CLANG_WARN_UNREACHABLE_CODE = YES;
				CLANG_WARN__DUPLICATE_METHOD_MATCH = YES;
				COPY_PHASE_STRIP = NO;
				DEBUG_INFORMATION_FORMAT = "dwarf-with-dsym";
				ENABLE_NS_ASSERTIONS = NO;
				ENABLE_STRICT_OBJC_MSGSEND = YES;
				ENABLE_USER_SCRIPT_SANDBOXING = YES;
				GCC_C_LANGUAGE_STANDARD = gnu17;
				GCC_NO_COMMON_BLOCKS = YES;
				GCC_WARN_64_TO_32_BIT_CONVERSION = YES;
				GCC_WARN_ABOUT_RETURN_TYPE = YES_ERROR;
				GCC_WARN_UNDECLARED_SELECTOR = YES;
				GCC_WARN_UNINITIALIZED_AUTOS = YES_AGGRESSIVE;
				GCC_WARN_UNUSED_FUNCTION = YES;
				GCC_WARN_UNUSED_VARIABLE = YES;
				IPHONEOS_DEPLOYMENT_TARGET = 26.1;
				LOCALIZATION_PREFERS_STRING_CATALOGS = YES;
				MTL_ENABLE_DEBUG_INFO = NO;
				MTL_FAST_MATH = YES;
				SDKROOT = iphoneos;
				SWIFT_COMPILATION_MODE = wholemodule;
				VALIDATE_PRODUCT = YES;
			};
			name = Release;
		};
		BB82A3792EC1018000BD1D17 /* Debug */ = {
			isa = XCBuildConfiguration;
			buildSettings = {
				ASSETCATALOG_COMPILER_APPICON_NAME = AppIcon;
				ASSETCATALOG_COMPILER_GLOBAL_ACCENT_COLOR_NAME = AccentColor;
				CODE_SIGN_STYLE = Automatic;
				CURRENT_PROJECT_VERSION = 1;
				DEVELOPMENT_TEAM = 3GAU36V85Y;
				ENABLE_PREVIEWS = YES;
				GENERATE_INFOPLIST_FILE = YES;
				INFOPLIST_KEY_CFBundleDisplayName = "Ghibli+";
				INFOPLIST_KEY_UIApplicationSceneManifest_Generation = YES;
				INFOPLIST_KEY_UIApplicationSupportsIndirectInputEvents = YES;
				INFOPLIST_KEY_UILaunchScreen_Generation = YES;
				INFOPLIST_KEY_UISupportedInterfaceOrientations_iPad = "UIInterfaceOrientationPortrait UIInterfaceOrientationPortraitUpsideDown UIInterfaceOrientationLandscapeLeft UIInterfaceOrientationLandscapeRight";
				INFOPLIST_KEY_UISupportedInterfaceOrientations_iPhone = "UIInterfaceOrientationPortrait UIInterfaceOrientationLandscapeLeft UIInterfaceOrientationLandscapeRight";
				LD_RUNPATH_SEARCH_PATHS = (
					"$(inherited)",
					"@executable_path/Frameworks",
				);
				MARKETING_VERSION = 1.0;
				PRODUCT_BUNDLE_IDENTIFIER = io.jaroshevskii.Ghibli;
				PRODUCT_NAME = "$(TARGET_NAME)";
				STRING_CATALOG_GENERATE_SYMBOLS = YES;
				SWIFT_APPROACHABLE_CONCURRENCY = YES;
				SWIFT_DEFAULT_ACTOR_ISOLATION = nonisolated;
				SWIFT_EMIT_LOC_STRINGS = YES;
				SWIFT_UPCOMING_FEATURE_MEMBER_IMPORT_VISIBILITY = YES;
				SWIFT_VERSION = 6.0;
				TARGETED_DEVICE_FAMILY = "1,2";
			};
			name = Debug;
		};
		BB82A37A2EC1018000BD1D17 /* Release */ = {
			isa = XCBuildConfiguration;
			buildSettings = {
				ASSETCATALOG_COMPILER_APPICON_NAME = AppIcon;
				ASSETCATALOG_COMPILER_GLOBAL_ACCENT_COLOR_NAME = AccentColor;
				CODE_SIGN_STYLE = Automatic;
				CURRENT_PROJECT_VERSION = 1;
				DEVELOPMENT_TEAM = 3GAU36V85Y;
				ENABLE_PREVIEWS = YES;
				GENERATE_INFOPLIST_FILE = YES;
				INFOPLIST_KEY_CFBundleDisplayName = "Ghibli+";
				INFOPLIST_KEY_UIApplicationSceneManifest_Generation = YES;
				INFOPLIST_KEY_UIApplicationSupportsIndirectInputEvents = YES;
				INFOPLIST_KEY_UILaunchScreen_Generation = YES;
				INFOPLIST_KEY_UISupportedInterfaceOrientations_iPad = "UIInterfaceOrientationPortrait UIInterfaceOrientationPortraitUpsideDown UIInterfaceOrientationLandscapeLeft UIInterfaceOrientationLandscapeRight";
				INFOPLIST_KEY_UISupportedInterfaceOrientations_iPhone = "UIInterfaceOrientationPortrait UIInterfaceOrientationLandscapeLeft UIInterfaceOrientationLandscapeRight";
				LD_RUNPATH_SEARCH_PATHS = (
					"$(inherited)",
					"@executable_path/Frameworks",
				);
				MARKETING_VERSION = 1.0;
				PRODUCT_BUNDLE_IDENTIFIER = io.jaroshevskii.Ghibli;
				PRODUCT_NAME = "$(TARGET_NAME)";
				STRING_CATALOG_GENERATE_SYMBOLS = YES;
				SWIFT_APPROACHABLE_CONCURRENCY = YES;
				SWIFT_DEFAULT_ACTOR_ISOLATION = nonisolated;
				SWIFT_EMIT_LOC_STRINGS = YES;
				SWIFT_UPCOMING_FEATURE_MEMBER_IMPORT_VISIBILITY = YES;
				SWIFT_VERSION = 6.0;
				TARGETED_DEVICE_FAMILY = "1,2";
			};
			name = Release;
		};
		BB82A37C2EC1018000BD1D17 /* Debug */ = {
			isa = XCBuildConfiguration;
			buildSettings = {
				BUNDLE_LOADER = "$(TEST_HOST)";
				CODE_SIGN_STYLE = Automatic;
				CURRENT_PROJECT_VERSION = 1;
				GENERATE_INFOPLIST_FILE = YES;
				IPHONEOS_DEPLOYMENT_TARGET = 26.1;
				MARKETING_VERSION = 1.0;
				PRODUCT_BUNDLE_IDENTIFIER = io.jaroshevskii.GhibliTests;
				PRODUCT_NAME = "$(TARGET_NAME)";
				STRING_CATALOG_GENERATE_SYMBOLS = NO;
				SWIFT_APPROACHABLE_CONCURRENCY = YES;
				SWIFT_EMIT_LOC_STRINGS = NO;
				SWIFT_UPCOMING_FEATURE_MEMBER_IMPORT_VISIBILITY = YES;
				SWIFT_VERSION = 5.0;
				TARGETED_DEVICE_FAMILY = "1,2";
				TEST_HOST = "$(BUILT_PRODUCTS_DIR)/Ghibli.app/$(BUNDLE_EXECUTABLE_FOLDER_PATH)/Ghibli";
			};
			name = Debug;
		};
		BB82A37D2EC1018000BD1D17 /* Release */ = {
			isa = XCBuildConfiguration;
			buildSettings = {
				BUNDLE_LOADER = "$(TEST_HOST)";
				CODE_SIGN_STYLE = Automatic;
				CURRENT_PROJECT_VERSION = 1;
				GENERATE_INFOPLIST_FILE = YES;
				IPHONEOS_DEPLOYMENT_TARGET = 26.1;
				MARKETING_VERSION = 1.0;
				PRODUCT_BUNDLE_IDENTIFIER = io.jaroshevskii.GhibliTests;
				PRODUCT_NAME = "$(TARGET_NAME)";
				STRING_CATALOG_GENERATE_SYMBOLS = NO;
				SWIFT_APPROACHABLE_CONCURRENCY = YES;
				SWIFT_EMIT_LOC_STRINGS = NO;
				SWIFT_UPCOMING_FEATURE_MEMBER_IMPORT_VISIBILITY = YES;
				SWIFT_VERSION = 5.0;
				TARGETED_DEVICE_FAMILY = "1,2";
				TEST_HOST = "$(BUILT_PRODUCTS_DIR)/Ghibli.app/$(BUNDLE_EXECUTABLE_FOLDER_PATH)/Ghibli";
			};
			name = Release;
		};
		BB82A37F2EC1018000BD1D17 /* Debug */ = {
			isa = XCBuildConfiguration;
			buildSettings = {
				CODE_SIGN_STYLE = Automatic;
				CURRENT_PROJECT_VERSION = 1;
				GENERATE_INFOPLIST_FILE = YES;
				MARKETING_VERSION = 1.0;
				PRODUCT_BUNDLE_IDENTIFIER = io.jaroshevskii.GhibliUITests;
				PRODUCT_NAME = "$(TARGET_NAME)";
				STRING_CATALOG_GENERATE_SYMBOLS = NO;
				SWIFT_APPROACHABLE_CONCURRENCY = YES;
				SWIFT_EMIT_LOC_STRINGS = NO;
				SWIFT_UPCOMING_FEATURE_MEMBER_IMPORT_VISIBILITY = YES;
				SWIFT_VERSION = 5.0;
				TARGETED_DEVICE_FAMILY = "1,2";
				TEST_TARGET_NAME = Ghibli;
			};
			name = Debug;
		};
		BB82A3802EC1018000BD1D17 /* Release */ = {
			isa = XCBuildConfiguration;
			buildSettings = {
				CODE_SIGN_STYLE = Automatic;
				CURRENT_PROJECT_VERSION = 1;
				GENERATE_INFOPLIST_FILE = YES;
				MARKETING_VERSION = 1.0;
				PRODUCT_BUNDLE_IDENTIFIER = io.jaroshevskii.GhibliUITests;
				PRODUCT_NAME = "$(TARGET_NAME)";
				STRING_CATALOG_GENERATE_SYMBOLS = NO;
				SWIFT_APPROACHABLE_CONCURRENCY = YES;
				SWIFT_EMIT_LOC_STRINGS = NO;
				SWIFT_UPCOMING_FEATURE_MEMBER_IMPORT_VISIBILITY = YES;
				SWIFT_VERSION = 5.0;
				TARGETED_DEVICE_FAMILY = "1,2";
				TEST_TARGET_NAME = Ghibli;
			};
			name = Release;
		};
/* End XCBuildConfiguration section */

/* Begin XCConfigurationList section */
		BB82A3522EC1017F00BD1D17 /* Build configuration list for PBXProject "Ghibli" */ = {
			isa = XCConfigurationList;
			buildConfigurations = (
				BB82A3762EC1018000BD1D17 /* Debug */,
				BB82A3772EC1018000BD1D17 /* Release */,
			);
			defaultConfigurationIsVisible = 0;
			defaultConfigurationName = Release;
		};
		BB82A3782EC1018000BD1D17 /* Build configuration list for PBXNativeTarget "Ghibli" */ = {
			isa = XCConfigurationList;
			buildConfigurations = (
				BB82A3792EC1018000BD1D17 /* Debug */,
				BB82A37A2EC1018000BD1D17 /* Release */,
			);
			defaultConfigurationIsVisible = 0;
			defaultConfigurationName = Release;
		};
		BB82A37B2EC1018000BD1D17 /* Build configuration list for PBXNativeTarget "GhibliTests" */ = {
			isa = XCConfigurationList;
			buildConfigurations = (
				BB82A37C2EC1018000BD1D17 /* Debug */,
				BB82A37D2EC1018000BD1D17 /* Release */,
			);
			defaultConfigurationIsVisible = 0;
			defaultConfigurationName = Release;
		};
		BB82A37E2EC1018000BD1D17 /* Build configuration list for PBXNativeTarget "GhibliUITests" */ = {
			isa = XCConfigurationList;
			buildConfigurations = (
				BB82A37F2EC1018000BD1D17 /* Debug */,
				BB82A3802EC1018000BD1D17 /* Release */,
			);
			defaultConfigurationIsVisible = 0;
			defaultConfigurationName = Release;
		};
/* End XCConfigurationList section */

/* Begin XCRemoteSwiftPackageReference section */
		BB82A3E02EC1038700BD1D17 /* XCRemoteSwiftPackageReference "swift-composable-architecture" */ = {
			isa = XCRemoteSwiftPackageReference;
			repositoryURL = "https://github.com/pointfreeco/swift-composable-architecture.git";
			requirement = {
				kind = upToNextMajorVersion;
				minimumVersion = 1.23.1;
			};
		};
		BB82A3E32EC1039E00BD1D17 /* XCRemoteSwiftPackageReference "swift-tagged" */ = {
			isa = XCRemoteSwiftPackageReference;
			repositoryURL = "https://github.com/pointfreeco/swift-tagged.git";
			requirement = {
				kind = upToNextMajorVersion;
				minimumVersion = 0.10.0;
			};
		};
		BB82A41B2EC10BB700BD1D17 /* XCRemoteSwiftPackageReference "Nuke" */ = {
			isa = XCRemoteSwiftPackageReference;
			repositoryURL = "https://github.com/kean/Nuke";
			requirement = {
				kind = upToNextMajorVersion;
				minimumVersion = 12.8.0;
			};
		};
/* End XCRemoteSwiftPackageReference section */

/* Begin XCSwiftPackageProductDependency section */
		BB82A3E12EC1038700BD1D17 /* ComposableArchitecture */ = {
			isa = XCSwiftPackageProductDependency;
			package = BB82A3E02EC1038700BD1D17 /* XCRemoteSwiftPackageReference "swift-composable-architecture" */;
			productName = ComposableArchitecture;
		};
		BB82A3E42EC1039E00BD1D17 /* Tagged */ = {
			isa = XCSwiftPackageProductDependency;
			package = BB82A3E32EC1039E00BD1D17 /* XCRemoteSwiftPackageReference "swift-tagged" */;
			productName = Tagged;
		};
		BB82A41C2EC10BB700BD1D17 /* NukeUI */ = {
			isa = XCSwiftPackageProductDependency;
			package = BB82A41B2EC10BB700BD1D17 /* XCRemoteSwiftPackageReference "Nuke" */;
			productName = NukeUI;
		};
/* End XCSwiftPackageProductDependency section */
	};
	rootObject = BB82A34F2EC1017F00BD1D17 /* Project object */;
}
